
Microsoft Visual Studio Solution File, Format Version 12.00
# Visual Studio 15
VisualStudioVersion = 15.0.28307.757
MinimumVisualStudioVersion = 10.0.40219.1
Project("{9A19103F-16F7-4668-BE54-9A1E7A4F7556}") = "EmployeeManagementSystem", "EmployeeManagementSystem\EmployeeManagementSystem.csproj", "{3CF8C7E6-7FE1-4945-BC16-EDAC7C76EB64}"
EndProject
Project("{9A19103F-16F7-4668-BE54-9A1E7A4F7556}") = "EmployeeManagementSystem.Test", "EmployeeManagementSystem.Test\EmployeeManagementSystem.Test.csproj", "{FA89874E-E762-44F2-A052-88BF142558DD}"
EndProject
Global
	GlobalSection(SolutionConfigurationPlatforms) = preSolution
		Debug|Any CPU = Debug|Any CPU
		Release|Any CPU = Release|Any CPU
	EndGlobalSection
	GlobalSection(ProjectConfigurationPlatforms) = postSolution
		{3CF8C7E6-7FE1-4945-BC16-EDAC7C76EB64}.Debug|Any CPU.ActiveCfg = Debug|Any CPU
		{3CF8C7E6-7FE1-4945-BC16-EDAC7C76EB64}.Debug|Any CPU.Build.0 = Debug|Any CPU
		{3CF8C7E6-7FE1-4945-BC16-EDAC7C76EB64}.Release|Any CPU.ActiveCfg = Release|Any CPU
		{3CF8C7E6-7FE1-4945-BC16-EDAC7C76EB64}.Release|Any CPU.Build.0 = Release|Any CPU
		{FA89874E-E762-44F2-A052-88BF142558DD}.Debug|Any CPU.ActiveCfg = Debug|Any CPU
		{FA89874E-E762-44F2-A052-88BF142558DD}.Debug|Any CPU.Build.0 = Debug|Any CPU
		{FA89874E-E762-44F2-A052-88BF142558DD}.Release|Any CPU.ActiveCfg = Release|Any CPU
		{FA89874E-E762-44F2-A052-88BF142558DD}.Release|Any CPU.Build.0 = Release|Any CPU
	EndGlobalSection
	GlobalSection(SolutionProperties) = preSolution
		HideSolutionNode = FALSE
	EndGlobalSection
	GlobalSection(ExtensibilityGlobals) = postSolution
		SolutionGuid = {386CAFEE-AA2E-4E05-991A-9CB513028C0E}
	EndGlobalSection
EndGlobal
